
Microsoft Visual Studio Solution File, Format Version 12.00
# Visual Studio 14
VisualStudioVersion = 14.0.25420.1
MinimumVisualStudioVersion = 10.0.40219.1
Project("{FAE04EC0-301F-11D3-BF4B-00C04F79EFBC}") = "TeamViceWebservice", "TeamViceWebservice\TeamViceWebservice.csproj", "{162B94FF-A266-4C17-A726-5D9C29460439}"
EndProject
Project("{FAE04EC0-301F-11D3-BF4B-00C04F79EFBC}") = "TeamViceWebservice.Tests", "TeamViceWebservice.Tests\TeamViceWebservice.Tests.csproj", "{0BC60EEF-BDB3-4FAC-A5C0-626ECF2917FA}"
EndProject
Global
	GlobalSection(SolutionConfigurationPlatforms) = preSolution
		Debug|Any CPU = Debug|Any CPU
		Release|Any CPU = Release|Any CPU
	EndGlobalSection
	GlobalSection(ProjectConfigurationPlatforms) = postSolution
		{162B94FF-A266-4C17-A726-5D9C29460439}.Debug|Any CPU.ActiveCfg = Debug|Any CPU
		{162B94FF-A266-4C17-A726-5D9C29460439}.Debug|Any CPU.Build.0 = Debug|Any CPU
		{162B94FF-A266-4C17-A726-5D9C29460439}.Release|Any CPU.ActiveCfg = Release|Any CPU
		{162B94FF-A266-4C17-A726-5D9C29460439}.Release|Any CPU.Build.0 = Release|Any CPU
		{0BC60EEF-BDB3-4FAC-A5C0-626ECF2917FA}.Debug|Any CPU.ActiveCfg = Debug|Any CPU
		{0BC60EEF-BDB3-4FAC-A5C0-626ECF2917FA}.Debug|Any CPU.Build.0 = Debug|Any CPU
		{0BC60EEF-BDB3-4FAC-A5C0-626ECF2917FA}.Release|Any CPU.ActiveCfg = Release|Any CPU
		{0BC60EEF-BDB3-4FAC-A5C0-626ECF2917FA}.Release|Any CPU.Build.0 = Release|Any CPU
	EndGlobalSection
	GlobalSection(SolutionProperties) = preSolution
		HideSolutionNode = FALSE
	EndGlobalSection
EndGlobal
